
Microsoft Visual Studio Solution File, Format Version 12.00
# Visual Studio Version 17
VisualStudioVersion = 17.11.35222.181
MinimumVisualStudioVersion = 10.0.40219.1
Project("{FAE04EC0-301F-11D3-BF4B-00C04F79EFBC}") = "OverloadingExtensionMethods", "OverloadingExtensionMethods\OverloadingExtensionMethods.csproj", "{646C082D-28C3-470A-8CC1-90E129634160}"
EndProject
Global
	GlobalSection(SolutionConfigurationPlatforms) = preSolution
		Debug|Any CPU = Debug|Any CPU
		Release|Any CPU = Release|Any CPU
	EndGlobalSection
	GlobalSection(ProjectConfigurationPlatforms) = postSolution
		{646C082D-28C3-470A-8CC1-90E129634160}.Debug|Any CPU.ActiveCfg = Debug|Any CPU
		{646C082D-28C3-470A-8CC1-90E129634160}.Debug|Any CPU.Build.0 = Debug|Any CPU
		{646C082D-28C3-470A-8CC1-90E129634160}.Release|Any CPU.ActiveCfg = Release|Any CPU
		{646C082D-28C3-470A-8CC1-90E129634160}.Release|Any CPU.Build.0 = Release|Any CPU
	EndGlobalSection
	GlobalSection(SolutionProperties) = preSolution
		HideSolutionNode = FALSE
	EndGlobalSection
	GlobalSection(ExtensibilityGlobals) = postSolution
		SolutionGuid = {8A4150C6-E3A9-4C8A-AC9B-7CBA9050296A}
	EndGlobalSection
EndGlobal
